
Microsoft Visual Studio Solution File, Format Version 12.00
# Visual Studio 2013
VisualStudioVersion = 12.0.20617.1 PREVIEW
MinimumVisualStudioVersion = 10.0.40219.1
Project("{FAE04EC0-301F-11D3-BF4B-00C04F79EFBC}") = "Mantle.Storage", "Mantle.Storage\Mantle.Storage.csproj", "{AFF7C969-8B8C-4B24-B8B3-E0BCAD99699A}"
EndProject
Project("{FAE04EC0-301F-11D3-BF4B-00C04F79EFBC}") = "Mantle.Configuration", "Mantle.Configuration\Mantle.Configuration.csproj", "{F705D018-F04E-4274-8BC9-DA9B190E134F}"
EndProject
Project("{FAE04EC0-301F-11D3-BF4B-00C04F79EFBC}") = "Mantle.Storage.FileSystem", "Mantle.Storage.FileSystem\Mantle.Storage.FileSystem.csproj", "{D942D524-2163-4213-B12E-4CBC6437175D}"
EndProject
Project("{FAE04EC0-301F-11D3-BF4B-00C04F79EFBC}") = "Mantle.Storage.Azure", "Mantle.Storage.Azure\Mantle.Storage.Azure.csproj", "{4AFB1635-7AB1-4575-BA28-24A95BD2749C}"
EndProject
Project("{FAE04EC0-301F-11D3-BF4B-00C04F79EFBC}") = "Mantle.Azure", "Mantle.Azure\Mantle.Azure.csproj", "{021EB10A-59A7-4D8C-9BEF-D35A8C672479}"
EndProject
Project("{FAE04EC0-301F-11D3-BF4B-00C04F79EFBC}") = "Mantle.Storage.Aws", "Mantle.Storage.Aws\Mantle.Storage.Aws.csproj", "{E17BEDC3-E514-4B54-B716-408007DD5C8C}"
EndProject
Project("{FAE04EC0-301F-11D3-BF4B-00C04F79EFBC}") = "Mantle.Aws", "Mantle.Aws\Mantle.Aws.csproj", "{40C79336-1432-4656-B75A-D37D9524F662}"
EndProject
Project("{FAE04EC0-301F-11D3-BF4B-00C04F79EFBC}") = "Mantle.Messaging", "Mantle.Messaging\Mantle.Messaging.csproj", "{E220316D-3290-4ED6-A8B1-C6BA1C74439A}"
EndProject
Project("{FAE04EC0-301F-11D3-BF4B-00C04F79EFBC}") = "Mantle.Messaging.Msmq", "Mantle.Messaging.Msmq\Mantle.Messaging.Msmq.csproj", "{0A66FD59-6B05-452C-8CA0-A91D006CDD01}"
EndProject
Project("{FAE04EC0-301F-11D3-BF4B-00C04F79EFBC}") = "Mantle", "Mantle\Mantle.csproj", "{D24E2319-5795-402E-817B-7213E308B301}"
EndProject
Project("{FAE04EC0-301F-11D3-BF4B-00C04F79EFBC}") = "Mantle.Messaging.Azure", "Mantle.Messaging.Azure\Mantle.Messaging.Azure.csproj", "{94C89754-1E27-40C7-AC06-093C8FA3D259}"
EndProject
Project("{FAE04EC0-301F-11D3-BF4B-00C04F79EFBC}") = "Mantle.Ninject", "Mantle.Ninject\Mantle.Ninject.csproj", "{42C2CA36-C640-4DDE-AE7D-638BB5FF8997}"
EndProject
Project("{FAE04EC0-301F-11D3-BF4B-00C04F79EFBC}") = "Mantle.Messaging.Aws", "Mantle.Messaging.Aws\Mantle.Messaging.Aws.csproj", "{3E255166-1290-4034-B269-937DA2F3AB43}"
EndProject
Project("{FAE04EC0-301F-11D3-BF4B-00C04F79EFBC}") = "Mantle.Hosting", "Mantle.Hosting\Mantle.Hosting.csproj", "{67B4DBFB-146C-4FC2-A55B-1C496A00BA1B}"
EndProject
Project("{FAE04EC0-301F-11D3-BF4B-00C04F79EFBC}") = "Mantle.Console.Hosting", "Mantle.Console.Hosting\Mantle.Console.Hosting.csproj", "{8A24A450-FB8B-42B9-9983-A0891E9F367C}"
EndProject
Project("{FAE04EC0-301F-11D3-BF4B-00C04F79EFBC}") = "Mantle.Hosting.Azure", "Mantle.Hosting.Azure\Mantle.Hosting.Azure.csproj", "{40D86431-1792-441C-A240-B3810C181428}"
EndProject
Project("{2150E333-8FDC-42A3-9474-1A3956D46DE8}") = ".nuget", ".nuget", "{A4BCE229-B924-4362-BDEE-96E32BBEEF1E}"
	ProjectSection(SolutionItems) = preProject
		.nuget\NuGet.Config = .nuget\NuGet.Config
		.nuget\NuGet.exe = .nuget\NuGet.exe
		.nuget\NuGet.targets = .nuget\NuGet.targets
	EndProjectSection
EndProject
Project("{FAE04EC0-301F-11D3-BF4B-00C04F79EFBC}") = "Mantle.Hosting.WindowsServices", "Mantle.Hosting.WindowsServices\Mantle.Hosting.WindowsServices.csproj", "{D878027F-764D-4C85-AE52-1AC316894041}"
EndProject
Project("{2150E333-8FDC-42A3-9474-1A3956D46DE8}") = "Sample", "Sample", "{BA11B5A2-1470-4F54-8849-3F4170919A4F}"
EndProject
Project("{FAE04EC0-301F-11D3-BF4B-00C04F79EFBC}") = "Mantle.Sample.AddressBook.Shared", "Mantle.Sample.AddressBook.Shared\Mantle.Sample.AddressBook.Shared.csproj", "{B148FD8B-5987-4835-BE57-A628DB444A1E}"
EndProject
Project("{FAE04EC0-301F-11D3-BF4B-00C04F79EFBC}") = "Mantle.Sample.AddressBook.Web", "Mantle.Sample.AddressBook.Web\Mantle.Sample.AddressBook.Web.csproj", "{C1404320-B671-422A-87BF-0E56552577E8}"
EndProject
Project("{FAE04EC0-301F-11D3-BF4B-00C04F79EFBC}") = "Mantle.Sample.AddressBook.Storage.Worker", "Mantle.Sample.AddressBook.Storage.Worker\Mantle.Sample.AddressBook.Storage.Worker.csproj", "{4EF6DF26-58D2-4DDC-88D6-C3115AFBC066}"
EndProject
Project("{FAE04EC0-301F-11D3-BF4B-00C04F79EFBC}") = "Mantle.Sample.AddressBook.Storage.ConsoleHost", "Mantle.Sample.AddressBook.Storage.ConsoleHost\Mantle.Sample.AddressBook.Storage.ConsoleHost.csproj", "{5E4267FD-461A-4FFC-8DE0-0C742D114A79}"
EndProject
Project("{FAE04EC0-301F-11D3-BF4B-00C04F79EFBC}") = "Mantle.Configuration.Source.SqlServer", "Mantle.Configuration.Source.SqlServer\Mantle.Configuration.Source.SqlServer.csproj", "{D338B202-F835-4CB1-B560-132D1EC980E9}"
EndProject
Project("{FAE04EC0-301F-11D3-BF4B-00C04F79EFBC}") = "Mantle.Configuration.Ninject", "Mantle.Configuration.Ninject\Mantle.Configuration.Ninject.csproj", "{1F4508E6-325E-4E29-A7CC-70952B41D698}"
EndProject
Project("{2150E333-8FDC-42A3-9474-1A3956D46DE8}") = "NugetPackages", "NugetPackages", "{C5A862AE-1676-4CCA-A35F-CC3586DC8007}"
	ProjectSection(SolutionItems) = preProject
		NugetPackages\mantle-aws.1.0.0-beta.nupkg = NugetPackages\mantle-aws.1.0.0-beta.nupkg
		NugetPackages\mantle-azure.1.0.0-beta.nupkg = NugetPackages\mantle-azure.1.0.0-beta.nupkg
		NugetPackages\mantle-base.1.0.0-beta.nupkg = NugetPackages\mantle-base.1.0.0-beta.nupkg
		NugetPackages\mantle-configuration-sql-server.1.0.0-beta.nupkg = NugetPackages\mantle-configuration-sql-server.1.0.0-beta.nupkg
		NugetPackages\mantle-configuration.1.0.0-beta.nupkg = NugetPackages\mantle-configuration.1.0.0-beta.nupkg
		NugetPackages\mantle-hosting.1.0.0-beta.nupkg = NugetPackages\mantle-hosting.1.0.0-beta.nupkg
		NugetPackages\mantle-messaging-aws-sqs.1.0.0-beta.nupkg = NugetPackages\mantle-messaging-aws-sqs.1.0.0-beta.nupkg
		NugetPackages\mantle-messaging-azure.1.0.0-beta.nupkg = NugetPackages\mantle-messaging-azure.1.0.0-beta.nupkg
		NugetPackages\mantle-messaging-msmq.1.0.0-beta.nupkg = NugetPackages\mantle-messaging-msmq.1.0.0-beta.nupkg
		NugetPackages\mantle-messaging.1.0.0-beta.nupkg = NugetPackages\mantle-messaging.1.0.0-beta.nupkg
		NugetPackages\mantle-ninject.1.0.0-beta.nupkg = NugetPackages\mantle-ninject.1.0.0-beta.nupkg
		NugetPackages\mantle-storage-aws-s3.1.0.0-beta.nupkg = NugetPackages\mantle-storage-aws-s3.1.0.0-beta.nupkg
		NugetPackages\mantle-storage-azure.1.0.0-beta.nupkg = NugetPackages\mantle-storage-azure.1.0.0-beta.nupkg
		NugetPackages\mantle-storage-windows.1.0.0-beta.nupkg = NugetPackages\mantle-storage-windows.1.0.0-beta.nupkg
		NugetPackages\mantle-storage.1.0.0-beta.nupkg = NugetPackages\mantle-storage.1.0.0-beta.nupkg
		NugetPackages\mantle-worker-azure-cloud-service-role-host.1.0.0-beta.nupkg = NugetPackages\mantle-worker-azure-cloud-service-role-host.1.0.0-beta.nupkg
		NugetPackages\mantle-worker-console-host.1.0.0-beta.nupkg = NugetPackages\mantle-worker-console-host.1.0.0-beta.nupkg
		NugetPackages\mantle-worker-template.1.0.0-beta.nupkg = NugetPackages\mantle-worker-template.1.0.0-beta.nupkg
	EndProjectSection
EndProject
Project("{CC5FD16D-436D-48AD-A40C-5A424C6E3E79}") = "Mantle.Sample.AddressBook.Storage.Services", "Mantle.Sample.AddressBook.Storage.Services\Mantle.Sample.AddressBook.Storage.Services.ccproj", "{6DAF1A02-B8BF-4D77-B514-A6C57371B8DD}"
EndProject
Project("{FAE04EC0-301F-11D3-BF4B-00C04F79EFBC}") = "Mantle.Sample.AddressBook.Storage.Host", "Mantle.Sample.AddressBook.Storage.Host\Mantle.Sample.AddressBook.Storage.Host.csproj", "{4EA74E36-C2F2-4657-9AFA-7BEDFFB85FF6}"
EndProject
Global
	GlobalSection(SolutionConfigurationPlatforms) = preSolution
		Debug|Any CPU = Debug|Any CPU
		Release|Any CPU = Release|Any CPU
	EndGlobalSection
	GlobalSection(ProjectConfigurationPlatforms) = postSolution
		{AFF7C969-8B8C-4B24-B8B3-E0BCAD99699A}.Debug|Any CPU.ActiveCfg = Debug|Any CPU
		{AFF7C969-8B8C-4B24-B8B3-E0BCAD99699A}.Debug|Any CPU.Build.0 = Debug|Any CPU
		{AFF7C969-8B8C-4B24-B8B3-E0BCAD99699A}.Release|Any CPU.ActiveCfg = Release|Any CPU
		{AFF7C969-8B8C-4B24-B8B3-E0BCAD99699A}.Release|Any CPU.Build.0 = Release|Any CPU
		{F705D018-F04E-4274-8BC9-DA9B190E134F}.Debug|Any CPU.ActiveCfg = Debug|Any CPU
		{F705D018-F04E-4274-8BC9-DA9B190E134F}.Debug|Any CPU.Build.0 = Debug|Any CPU
		{F705D018-F04E-4274-8BC9-DA9B190E134F}.Release|Any CPU.ActiveCfg = Release|Any CPU
		{F705D018-F04E-4274-8BC9-DA9B190E134F}.Release|Any CPU.Build.0 = Release|Any CPU
		{D942D524-2163-4213-B12E-4CBC6437175D}.Debug|Any CPU.ActiveCfg = Debug|Any CPU
		{D942D524-2163-4213-B12E-4CBC6437175D}.Debug|Any CPU.Build.0 = Debug|Any CPU
		{D942D524-2163-4213-B12E-4CBC6437175D}.Release|Any CPU.ActiveCfg = Release|Any CPU
		{D942D524-2163-4213-B12E-4CBC6437175D}.Release|Any CPU.Build.0 = Release|Any CPU
		{4AFB1635-7AB1-4575-BA28-24A95BD2749C}.Debug|Any CPU.ActiveCfg = Debug|Any CPU
		{4AFB1635-7AB1-4575-BA28-24A95BD2749C}.Debug|Any CPU.Build.0 = Debug|Any CPU
		{4AFB1635-7AB1-4575-BA28-24A95BD2749C}.Release|Any CPU.ActiveCfg = Release|Any CPU
		{4AFB1635-7AB1-4575-BA28-24A95BD2749C}.Release|Any CPU.Build.0 = Release|Any CPU
		{021EB10A-59A7-4D8C-9BEF-D35A8C672479}.Debug|Any CPU.ActiveCfg = Debug|Any CPU
		{021EB10A-59A7-4D8C-9BEF-D35A8C672479}.Debug|Any CPU.Build.0 = Debug|Any CPU
		{021EB10A-59A7-4D8C-9BEF-D35A8C672479}.Release|Any CPU.ActiveCfg = Release|Any CPU
		{021EB10A-59A7-4D8C-9BEF-D35A8C672479}.Release|Any CPU.Build.0 = Release|Any CPU
		{E17BEDC3-E514-4B54-B716-408007DD5C8C}.Debug|Any CPU.ActiveCfg = Debug|Any CPU
		{E17BEDC3-E514-4B54-B716-408007DD5C8C}.Debug|Any CPU.Build.0 = Debug|Any CPU
		{E17BEDC3-E514-4B54-B716-408007DD5C8C}.Release|Any CPU.ActiveCfg = Release|Any CPU
		{E17BEDC3-E514-4B54-B716-408007DD5C8C}.Release|Any CPU.Build.0 = Release|Any CPU
		{40C79336-1432-4656-B75A-D37D9524F662}.Debug|Any CPU.ActiveCfg = Debug|Any CPU
		{40C79336-1432-4656-B75A-D37D9524F662}.Debug|Any CPU.Build.0 = Debug|Any CPU
		{40C79336-1432-4656-B75A-D37D9524F662}.Release|Any CPU.ActiveCfg = Release|Any CPU
		{40C79336-1432-4656-B75A-D37D9524F662}.Release|Any CPU.Build.0 = Release|Any CPU
		{E220316D-3290-4ED6-A8B1-C6BA1C74439A}.Debug|Any CPU.ActiveCfg = Debug|Any CPU
		{E220316D-3290-4ED6-A8B1-C6BA1C74439A}.Debug|Any CPU.Build.0 = Debug|Any CPU
		{E220316D-3290-4ED6-A8B1-C6BA1C74439A}.Release|Any CPU.ActiveCfg = Release|Any CPU
		{E220316D-3290-4ED6-A8B1-C6BA1C74439A}.Release|Any CPU.Build.0 = Release|Any CPU
		{0A66FD59-6B05-452C-8CA0-A91D006CDD01}.Debug|Any CPU.ActiveCfg = Debug|Any CPU
		{0A66FD59-6B05-452C-8CA0-A91D006CDD01}.Debug|Any CPU.Build.0 = Debug|Any CPU
		{0A66FD59-6B05-452C-8CA0-A91D006CDD01}.Release|Any CPU.ActiveCfg = Release|Any CPU
		{0A66FD59-6B05-452C-8CA0-A91D006CDD01}.Release|Any CPU.Build.0 = Release|Any CPU
		{D24E2319-5795-402E-817B-7213E308B301}.Debug|Any CPU.ActiveCfg = Debug|Any CPU
		{D24E2319-5795-402E-817B-7213E308B301}.Debug|Any CPU.Build.0 = Debug|Any CPU
		{D24E2319-5795-402E-817B-7213E308B301}.Release|Any CPU.ActiveCfg = Release|Any CPU
		{D24E2319-5795-402E-817B-7213E308B301}.Release|Any CPU.Build.0 = Release|Any CPU
		{94C89754-1E27-40C7-AC06-093C8FA3D259}.Debug|Any CPU.ActiveCfg = Debug|Any CPU
		{94C89754-1E27-40C7-AC06-093C8FA3D259}.Debug|Any CPU.Build.0 = Debug|Any CPU
		{94C89754-1E27-40C7-AC06-093C8FA3D259}.Release|Any CPU.ActiveCfg = Release|Any CPU
		{94C89754-1E27-40C7-AC06-093C8FA3D259}.Release|Any CPU.Build.0 = Release|Any CPU
		{42C2CA36-C640-4DDE-AE7D-638BB5FF8997}.Debug|Any CPU.ActiveCfg = Debug|Any CPU
		{42C2CA36-C640-4DDE-AE7D-638BB5FF8997}.Debug|Any CPU.Build.0 = Debug|Any CPU
		{42C2CA36-C640-4DDE-AE7D-638BB5FF8997}.Release|Any CPU.ActiveCfg = Release|Any CPU
		{42C2CA36-C640-4DDE-AE7D-638BB5FF8997}.Release|Any CPU.Build.0 = Release|Any CPU
		{3E255166-1290-4034-B269-937DA2F3AB43}.Debug|Any CPU.ActiveCfg = Debug|Any CPU
		{3E255166-1290-4034-B269-937DA2F3AB43}.Debug|Any CPU.Build.0 = Debug|Any CPU
		{3E255166-1290-4034-B269-937DA2F3AB43}.Release|Any CPU.ActiveCfg = Release|Any CPU
		{3E255166-1290-4034-B269-937DA2F3AB43}.Release|Any CPU.Build.0 = Release|Any CPU
		{67B4DBFB-146C-4FC2-A55B-1C496A00BA1B}.Debug|Any CPU.ActiveCfg = Debug|Any CPU
		{67B4DBFB-146C-4FC2-A55B-1C496A00BA1B}.Debug|Any CPU.Build.0 = Debug|Any CPU
		{67B4DBFB-146C-4FC2-A55B-1C496A00BA1B}.Release|Any CPU.ActiveCfg = Release|Any CPU
		{67B4DBFB-146C-4FC2-A55B-1C496A00BA1B}.Release|Any CPU.Build.0 = Release|Any CPU
		{8A24A450-FB8B-42B9-9983-A0891E9F367C}.Debug|Any CPU.ActiveCfg = Debug|Any CPU
		{8A24A450-FB8B-42B9-9983-A0891E9F367C}.Debug|Any CPU.Build.0 = Debug|Any CPU
		{8A24A450-FB8B-42B9-9983-A0891E9F367C}.Release|Any CPU.ActiveCfg = Release|Any CPU
		{8A24A450-FB8B-42B9-9983-A0891E9F367C}.Release|Any CPU.Build.0 = Release|Any CPU
		{40D86431-1792-441C-A240-B3810C181428}.Debug|Any CPU.ActiveCfg = Debug|Any CPU
		{40D86431-1792-441C-A240-B3810C181428}.Debug|Any CPU.Build.0 = Debug|Any CPU
		{40D86431-1792-441C-A240-B3810C181428}.Release|Any CPU.ActiveCfg = Release|Any CPU
		{40D86431-1792-441C-A240-B3810C181428}.Release|Any CPU.Build.0 = Release|Any CPU
		{D878027F-764D-4C85-AE52-1AC316894041}.Debug|Any CPU.ActiveCfg = Debug|Any CPU
		{D878027F-764D-4C85-AE52-1AC316894041}.Debug|Any CPU.Build.0 = Debug|Any CPU
		{D878027F-764D-4C85-AE52-1AC316894041}.Release|Any CPU.ActiveCfg = Release|Any CPU
		{D878027F-764D-4C85-AE52-1AC316894041}.Release|Any CPU.Build.0 = Release|Any CPU
		{B148FD8B-5987-4835-BE57-A628DB444A1E}.Debug|Any CPU.ActiveCfg = Debug|Any CPU
		{B148FD8B-5987-4835-BE57-A628DB444A1E}.Debug|Any CPU.Build.0 = Debug|Any CPU
		{B148FD8B-5987-4835-BE57-A628DB444A1E}.Release|Any CPU.ActiveCfg = Release|Any CPU
		{B148FD8B-5987-4835-BE57-A628DB444A1E}.Release|Any CPU.Build.0 = Release|Any CPU
		{C1404320-B671-422A-87BF-0E56552577E8}.Debug|Any CPU.ActiveCfg = Debug|Any CPU
		{C1404320-B671-422A-87BF-0E56552577E8}.Debug|Any CPU.Build.0 = Debug|Any CPU
		{C1404320-B671-422A-87BF-0E56552577E8}.Release|Any CPU.ActiveCfg = Release|Any CPU
		{C1404320-B671-422A-87BF-0E56552577E8}.Release|Any CPU.Build.0 = Release|Any CPU
		{4EF6DF26-58D2-4DDC-88D6-C3115AFBC066}.Debug|Any CPU.ActiveCfg = Debug|Any CPU
		{4EF6DF26-58D2-4DDC-88D6-C3115AFBC066}.Debug|Any CPU.Build.0 = Debug|Any CPU
		{4EF6DF26-58D2-4DDC-88D6-C3115AFBC066}.Release|Any CPU.ActiveCfg = Release|Any CPU
		{4EF6DF26-58D2-4DDC-88D6-C3115AFBC066}.Release|Any CPU.Build.0 = Release|Any CPU
		{5E4267FD-461A-4FFC-8DE0-0C742D114A79}.Debug|Any CPU.ActiveCfg = Debug|Any CPU
		{5E4267FD-461A-4FFC-8DE0-0C742D114A79}.Debug|Any CPU.Build.0 = Debug|Any CPU
		{5E4267FD-461A-4FFC-8DE0-0C742D114A79}.Release|Any CPU.ActiveCfg = Release|Any CPU
		{5E4267FD-461A-4FFC-8DE0-0C742D114A79}.Release|Any CPU.Build.0 = Release|Any CPU
		{D338B202-F835-4CB1-B560-132D1EC980E9}.Debug|Any CPU.ActiveCfg = Debug|Any CPU
		{D338B202-F835-4CB1-B560-132D1EC980E9}.Debug|Any CPU.Build.0 = Debug|Any CPU
		{D338B202-F835-4CB1-B560-132D1EC980E9}.Release|Any CPU.ActiveCfg = Release|Any CPU
		{D338B202-F835-4CB1-B560-132D1EC980E9}.Release|Any CPU.Build.0 = Release|Any CPU
		{1F4508E6-325E-4E29-A7CC-70952B41D698}.Debug|Any CPU.ActiveCfg = Debug|Any CPU
		{1F4508E6-325E-4E29-A7CC-70952B41D698}.Debug|Any CPU.Build.0 = Debug|Any CPU
		{1F4508E6-325E-4E29-A7CC-70952B41D698}.Release|Any CPU.ActiveCfg = Release|Any CPU
		{1F4508E6-325E-4E29-A7CC-70952B41D698}.Release|Any CPU.Build.0 = Release|Any CPU
		{6DAF1A02-B8BF-4D77-B514-A6C57371B8DD}.Debug|Any CPU.ActiveCfg = Debug|Any CPU
		{6DAF1A02-B8BF-4D77-B514-A6C57371B8DD}.Debug|Any CPU.Build.0 = Debug|Any CPU
		{6DAF1A02-B8BF-4D77-B514-A6C57371B8DD}.Release|Any CPU.ActiveCfg = Release|Any CPU
		{6DAF1A02-B8BF-4D77-B514-A6C57371B8DD}.Release|Any CPU.Build.0 = Release|Any CPU
		{4EA74E36-C2F2-4657-9AFA-7BEDFFB85FF6}.Debug|Any CPU.ActiveCfg = Debug|Any CPU
		{4EA74E36-C2F2-4657-9AFA-7BEDFFB85FF6}.Debug|Any CPU.Build.0 = Debug|Any CPU
		{4EA74E36-C2F2-4657-9AFA-7BEDFFB85FF6}.Release|Any CPU.ActiveCfg = Release|Any CPU
		{4EA74E36-C2F2-4657-9AFA-7BEDFFB85FF6}.Release|Any CPU.Build.0 = Release|Any CPU
	EndGlobalSection
	GlobalSection(SolutionProperties) = preSolution
		HideSolutionNode = FALSE
	EndGlobalSection
	GlobalSection(NestedProjects) = preSolution
		{B148FD8B-5987-4835-BE57-A628DB444A1E} = {BA11B5A2-1470-4F54-8849-3F4170919A4F}
		{C1404320-B671-422A-87BF-0E56552577E8} = {BA11B5A2-1470-4F54-8849-3F4170919A4F}
		{4EF6DF26-58D2-4DDC-88D6-C3115AFBC066} = {BA11B5A2-1470-4F54-8849-3F4170919A4F}
		{5E4267FD-461A-4FFC-8DE0-0C742D114A79} = {BA11B5A2-1470-4F54-8849-3F4170919A4F}
		{6DAF1A02-B8BF-4D77-B514-A6C57371B8DD} = {BA11B5A2-1470-4F54-8849-3F4170919A4F}
		{4EA74E36-C2F2-4657-9AFA-7BEDFFB85FF6} = {BA11B5A2-1470-4F54-8849-3F4170919A4F}
	EndGlobalSection
EndGlobal
