
Microsoft Visual Studio Solution File, Format Version 12.00
# Visual Studio 2013
VisualStudioVersion = 12.0.30501.0
MinimumVisualStudioVersion = 10.0.40219.1
Project("{2150E333-8FDC-42A3-9474-1A3956D46DE8}") = "Core", "Core", "{4F5E248D-0A3C-489E-A481-8E749D5F740E}"
EndProject
Project("{FAE04EC0-301F-11D3-BF4B-00C04F79EFBC}") = "Mantle", "Mantle\Mantle.csproj", "{CE605888-E0D5-4195-9115-45CC9A3B0548}"
EndProject
Project("{FAE04EC0-301F-11D3-BF4B-00C04F79EFBC}") = "Mantle.Ninject", "Mantle.Ninject\Mantle.Ninject.csproj", "{05556B9F-4A46-4CC8-9F36-30C17F22DF3A}"
EndProject
Project("{FAE04EC0-301F-11D3-BF4B-00C04F79EFBC}") = "Mantle.Configuration", "Mantle.Configuration\Mantle.Configuration.csproj", "{14843F74-B007-4357-9AEA-4703D772B6AE}"
EndProject
Project("{2150E333-8FDC-42A3-9474-1A3956D46DE8}") = ".nuget", ".nuget", "{32A98AFE-4DF9-4ED6-94B2-90E45738623A}"
	ProjectSection(SolutionItems) = preProject
		.nuget\NuGet.Config = .nuget\NuGet.Config
		.nuget\NuGet.exe = .nuget\NuGet.exe
		.nuget\NuGet.targets = .nuget\NuGet.targets
	EndProjectSection
EndProject
Project("{FAE04EC0-301F-11D3-BF4B-00C04F79EFBC}") = "Mantle.Tests", "Mantle.Tests\Mantle.Tests.csproj", "{25BA76BE-E6C0-4456-A7CF-FB1140474B31}"
EndProject
Project("{FAE04EC0-301F-11D3-BF4B-00C04F79EFBC}") = "Mantle.Configuration.Tests", "Mantle.Configuration.Tests\Mantle.Configuration.Tests.csproj", "{AC1A182E-C5EC-45FA-8675-386F72E3C7C8}"
EndProject
Project("{FAE04EC0-301F-11D3-BF4B-00C04F79EFBC}") = "Mantle.DictionaryStorage", "Mantle.DictionaryStorage\Mantle.DictionaryStorage.csproj", "{8EDACE4A-5F52-47F3-A5D0-5F72CF14CD74}"
EndProject
Project("{2150E333-8FDC-42A3-9474-1A3956D46DE8}") = "Azure", "Azure", "{9DC5CC66-8F0B-4CCF-B4C3-462F7103B832}"
EndProject
Project("{FAE04EC0-301F-11D3-BF4B-00C04F79EFBC}") = "Mantle.DictionaryStorage.Azure", "Mantle.DictionaryStorage.Azure\Mantle.DictionaryStorage.Azure.csproj", "{8C8BE584-1D71-4576-921E-6A934E878780}"
EndProject
Project("{FAE04EC0-301F-11D3-BF4B-00C04F79EFBC}") = "Mantle.BlobStorage", "Mantle.BlobStorage\Mantle.BlobStorage.csproj", "{83F5F9FF-341B-4E9E-8733-152952CAFEF7}"
EndProject
Project("{FAE04EC0-301F-11D3-BF4B-00C04F79EFBC}") = "Mantle.BlobStorage.Azure", "Mantle.BlobStorage.Azure\Mantle.BlobStorage.Azure.csproj", "{B0EEA28B-6CB1-45A0-9541-7DE16B81C71D}"
EndProject
Project("{FAE04EC0-301F-11D3-BF4B-00C04F79EFBC}") = "Mantle.Messaging", "Mantle.Messaging\Mantle.Messaging.csproj", "{48F77C1A-CDB2-47D6-8BDE-099D857DE77F}"
EndProject
Project("{2150E333-8FDC-42A3-9474-1A3956D46DE8}") = "Local", "Local", "{2353F2D2-0EB2-499B-BCE0-65B7574B6B0D}"
EndProject
Project("{FAE04EC0-301F-11D3-BF4B-00C04F79EFBC}") = "Mantle.BlobStorage.FileSystem", "Mantle.BlobStorage.FileSystem\Mantle.BlobStorage.FileSystem.csproj", "{E63D4437-D470-49A3-926D-256CBA736508}"
EndProject
Project("{FAE04EC0-301F-11D3-BF4B-00C04F79EFBC}") = "Mantle.DictionaryStorage.InMemory", "Mantle.DictionaryStorage.InMemory\Mantle.DictionaryStorage.InMemory.csproj", "{E1607A63-5A5A-4468-A178-7E69B63093AF}"
EndProject
Project("{FAE04EC0-301F-11D3-BF4B-00C04F79EFBC}") = "Mantle.DictionaryStorage.InMemory.Tests", "Mantle.DictionaryStorage.InMemory.Tests\Mantle.DictionaryStorage.InMemory.Tests.csproj", "{4D2F3EDC-9CBB-4F8C-B9B8-A56DEF56408F}"
EndProject
Project("{FAE04EC0-301F-11D3-BF4B-00C04F79EFBC}") = "Mantle.BlobStorage.Tests", "Mantle.BlobStorage.Tests\Mantle.BlobStorage.Tests.csproj", "{1AAA7258-5783-4EDE-8E26-135855EC68EC}"
EndProject
Project("{FAE04EC0-301F-11D3-BF4B-00C04F79EFBC}") = "Mantle.Hosting", "Mantle.Hosting\Mantle.Hosting.csproj", "{E2225D04-8C48-4295-8741-3019B668C06A}"
EndProject
Project("{FAE04EC0-301F-11D3-BF4B-00C04F79EFBC}") = "Mantle.Cache", "Mantle.Cache\Mantle.Cache.csproj", "{98B792E8-263F-4CB6-9F94-5BD3D567F83F}"
EndProject
Project("{FAE04EC0-301F-11D3-BF4B-00C04F79EFBC}") = "Mantle.Cache.Azure", "Mantle.Cache.Azure\Mantle.Cache.Azure.csproj", "{74B7032F-8880-4CE1-BEDB-9DD176B81FDF}"
EndProject
Project("{FAE04EC0-301F-11D3-BF4B-00C04F79EFBC}") = "Mantle.Cache.InMemory", "Mantle.Cache.InMemory\Mantle.Cache.InMemory.csproj", "{3ED07639-757D-4BC0-A07B-DEC8091730AF}"
EndProject
Global
	GlobalSection(SolutionConfigurationPlatforms) = preSolution
		Debug|Any CPU = Debug|Any CPU
		Release|Any CPU = Release|Any CPU
	EndGlobalSection
	GlobalSection(ProjectConfigurationPlatforms) = postSolution
		{CE605888-E0D5-4195-9115-45CC9A3B0548}.Debug|Any CPU.ActiveCfg = Debug|Any CPU
		{CE605888-E0D5-4195-9115-45CC9A3B0548}.Debug|Any CPU.Build.0 = Debug|Any CPU
		{CE605888-E0D5-4195-9115-45CC9A3B0548}.Release|Any CPU.ActiveCfg = Release|Any CPU
		{CE605888-E0D5-4195-9115-45CC9A3B0548}.Release|Any CPU.Build.0 = Release|Any CPU
		{05556B9F-4A46-4CC8-9F36-30C17F22DF3A}.Debug|Any CPU.ActiveCfg = Debug|Any CPU
		{05556B9F-4A46-4CC8-9F36-30C17F22DF3A}.Debug|Any CPU.Build.0 = Debug|Any CPU
		{05556B9F-4A46-4CC8-9F36-30C17F22DF3A}.Release|Any CPU.ActiveCfg = Release|Any CPU
		{05556B9F-4A46-4CC8-9F36-30C17F22DF3A}.Release|Any CPU.Build.0 = Release|Any CPU
		{14843F74-B007-4357-9AEA-4703D772B6AE}.Debug|Any CPU.ActiveCfg = Debug|Any CPU
		{14843F74-B007-4357-9AEA-4703D772B6AE}.Debug|Any CPU.Build.0 = Debug|Any CPU
		{14843F74-B007-4357-9AEA-4703D772B6AE}.Release|Any CPU.ActiveCfg = Release|Any CPU
		{14843F74-B007-4357-9AEA-4703D772B6AE}.Release|Any CPU.Build.0 = Release|Any CPU
		{25BA76BE-E6C0-4456-A7CF-FB1140474B31}.Debug|Any CPU.ActiveCfg = Debug|Any CPU
		{25BA76BE-E6C0-4456-A7CF-FB1140474B31}.Debug|Any CPU.Build.0 = Debug|Any CPU
		{25BA76BE-E6C0-4456-A7CF-FB1140474B31}.Release|Any CPU.ActiveCfg = Release|Any CPU
		{25BA76BE-E6C0-4456-A7CF-FB1140474B31}.Release|Any CPU.Build.0 = Release|Any CPU
		{AC1A182E-C5EC-45FA-8675-386F72E3C7C8}.Debug|Any CPU.ActiveCfg = Debug|Any CPU
		{AC1A182E-C5EC-45FA-8675-386F72E3C7C8}.Debug|Any CPU.Build.0 = Debug|Any CPU
		{AC1A182E-C5EC-45FA-8675-386F72E3C7C8}.Release|Any CPU.ActiveCfg = Release|Any CPU
		{AC1A182E-C5EC-45FA-8675-386F72E3C7C8}.Release|Any CPU.Build.0 = Release|Any CPU
		{8EDACE4A-5F52-47F3-A5D0-5F72CF14CD74}.Debug|Any CPU.ActiveCfg = Debug|Any CPU
		{8EDACE4A-5F52-47F3-A5D0-5F72CF14CD74}.Debug|Any CPU.Build.0 = Debug|Any CPU
		{8EDACE4A-5F52-47F3-A5D0-5F72CF14CD74}.Release|Any CPU.ActiveCfg = Release|Any CPU
		{8EDACE4A-5F52-47F3-A5D0-5F72CF14CD74}.Release|Any CPU.Build.0 = Release|Any CPU
		{8C8BE584-1D71-4576-921E-6A934E878780}.Debug|Any CPU.ActiveCfg = Debug|Any CPU
		{8C8BE584-1D71-4576-921E-6A934E878780}.Debug|Any CPU.Build.0 = Debug|Any CPU
		{8C8BE584-1D71-4576-921E-6A934E878780}.Release|Any CPU.ActiveCfg = Release|Any CPU
		{8C8BE584-1D71-4576-921E-6A934E878780}.Release|Any CPU.Build.0 = Release|Any CPU
		{83F5F9FF-341B-4E9E-8733-152952CAFEF7}.Debug|Any CPU.ActiveCfg = Debug|Any CPU
		{83F5F9FF-341B-4E9E-8733-152952CAFEF7}.Debug|Any CPU.Build.0 = Debug|Any CPU
		{83F5F9FF-341B-4E9E-8733-152952CAFEF7}.Release|Any CPU.ActiveCfg = Release|Any CPU
		{83F5F9FF-341B-4E9E-8733-152952CAFEF7}.Release|Any CPU.Build.0 = Release|Any CPU
		{B0EEA28B-6CB1-45A0-9541-7DE16B81C71D}.Debug|Any CPU.ActiveCfg = Debug|Any CPU
		{B0EEA28B-6CB1-45A0-9541-7DE16B81C71D}.Debug|Any CPU.Build.0 = Debug|Any CPU
		{B0EEA28B-6CB1-45A0-9541-7DE16B81C71D}.Release|Any CPU.ActiveCfg = Release|Any CPU
		{B0EEA28B-6CB1-45A0-9541-7DE16B81C71D}.Release|Any CPU.Build.0 = Release|Any CPU
		{48F77C1A-CDB2-47D6-8BDE-099D857DE77F}.Debug|Any CPU.ActiveCfg = Debug|Any CPU
		{48F77C1A-CDB2-47D6-8BDE-099D857DE77F}.Debug|Any CPU.Build.0 = Debug|Any CPU
		{48F77C1A-CDB2-47D6-8BDE-099D857DE77F}.Release|Any CPU.ActiveCfg = Release|Any CPU
		{48F77C1A-CDB2-47D6-8BDE-099D857DE77F}.Release|Any CPU.Build.0 = Release|Any CPU
		{E63D4437-D470-49A3-926D-256CBA736508}.Debug|Any CPU.ActiveCfg = Debug|Any CPU
		{E63D4437-D470-49A3-926D-256CBA736508}.Debug|Any CPU.Build.0 = Debug|Any CPU
		{E63D4437-D470-49A3-926D-256CBA736508}.Release|Any CPU.ActiveCfg = Release|Any CPU
		{E63D4437-D470-49A3-926D-256CBA736508}.Release|Any CPU.Build.0 = Release|Any CPU
		{E1607A63-5A5A-4468-A178-7E69B63093AF}.Debug|Any CPU.ActiveCfg = Debug|Any CPU
		{E1607A63-5A5A-4468-A178-7E69B63093AF}.Debug|Any CPU.Build.0 = Debug|Any CPU
		{E1607A63-5A5A-4468-A178-7E69B63093AF}.Release|Any CPU.ActiveCfg = Release|Any CPU
		{E1607A63-5A5A-4468-A178-7E69B63093AF}.Release|Any CPU.Build.0 = Release|Any CPU
		{4D2F3EDC-9CBB-4F8C-B9B8-A56DEF56408F}.Debug|Any CPU.ActiveCfg = Debug|Any CPU
		{4D2F3EDC-9CBB-4F8C-B9B8-A56DEF56408F}.Debug|Any CPU.Build.0 = Debug|Any CPU
		{4D2F3EDC-9CBB-4F8C-B9B8-A56DEF56408F}.Release|Any CPU.ActiveCfg = Release|Any CPU
		{4D2F3EDC-9CBB-4F8C-B9B8-A56DEF56408F}.Release|Any CPU.Build.0 = Release|Any CPU
		{1AAA7258-5783-4EDE-8E26-135855EC68EC}.Debug|Any CPU.ActiveCfg = Debug|Any CPU
		{1AAA7258-5783-4EDE-8E26-135855EC68EC}.Debug|Any CPU.Build.0 = Debug|Any CPU
		{1AAA7258-5783-4EDE-8E26-135855EC68EC}.Release|Any CPU.ActiveCfg = Release|Any CPU
		{1AAA7258-5783-4EDE-8E26-135855EC68EC}.Release|Any CPU.Build.0 = Release|Any CPU
		{E2225D04-8C48-4295-8741-3019B668C06A}.Debug|Any CPU.ActiveCfg = Debug|Any CPU
		{E2225D04-8C48-4295-8741-3019B668C06A}.Debug|Any CPU.Build.0 = Debug|Any CPU
		{E2225D04-8C48-4295-8741-3019B668C06A}.Release|Any CPU.ActiveCfg = Release|Any CPU
		{E2225D04-8C48-4295-8741-3019B668C06A}.Release|Any CPU.Build.0 = Release|Any CPU
		{98B792E8-263F-4CB6-9F94-5BD3D567F83F}.Debug|Any CPU.ActiveCfg = Debug|Any CPU
		{98B792E8-263F-4CB6-9F94-5BD3D567F83F}.Debug|Any CPU.Build.0 = Debug|Any CPU
		{98B792E8-263F-4CB6-9F94-5BD3D567F83F}.Release|Any CPU.ActiveCfg = Release|Any CPU
		{98B792E8-263F-4CB6-9F94-5BD3D567F83F}.Release|Any CPU.Build.0 = Release|Any CPU
		{74B7032F-8880-4CE1-BEDB-9DD176B81FDF}.Debug|Any CPU.ActiveCfg = Debug|Any CPU
		{74B7032F-8880-4CE1-BEDB-9DD176B81FDF}.Debug|Any CPU.Build.0 = Debug|Any CPU
		{74B7032F-8880-4CE1-BEDB-9DD176B81FDF}.Release|Any CPU.ActiveCfg = Release|Any CPU
		{74B7032F-8880-4CE1-BEDB-9DD176B81FDF}.Release|Any CPU.Build.0 = Release|Any CPU
		{3ED07639-757D-4BC0-A07B-DEC8091730AF}.Debug|Any CPU.ActiveCfg = Debug|Any CPU
		{3ED07639-757D-4BC0-A07B-DEC8091730AF}.Debug|Any CPU.Build.0 = Debug|Any CPU
		{3ED07639-757D-4BC0-A07B-DEC8091730AF}.Release|Any CPU.ActiveCfg = Release|Any CPU
		{3ED07639-757D-4BC0-A07B-DEC8091730AF}.Release|Any CPU.Build.0 = Release|Any CPU
	EndGlobalSection
	GlobalSection(SolutionProperties) = preSolution
		HideSolutionNode = FALSE
	EndGlobalSection
	GlobalSection(NestedProjects) = preSolution
		{CE605888-E0D5-4195-9115-45CC9A3B0548} = {4F5E248D-0A3C-489E-A481-8E749D5F740E}
		{05556B9F-4A46-4CC8-9F36-30C17F22DF3A} = {4F5E248D-0A3C-489E-A481-8E749D5F740E}
		{14843F74-B007-4357-9AEA-4703D772B6AE} = {4F5E248D-0A3C-489E-A481-8E749D5F740E}
		{25BA76BE-E6C0-4456-A7CF-FB1140474B31} = {4F5E248D-0A3C-489E-A481-8E749D5F740E}
		{AC1A182E-C5EC-45FA-8675-386F72E3C7C8} = {4F5E248D-0A3C-489E-A481-8E749D5F740E}
		{8EDACE4A-5F52-47F3-A5D0-5F72CF14CD74} = {4F5E248D-0A3C-489E-A481-8E749D5F740E}
		{8C8BE584-1D71-4576-921E-6A934E878780} = {9DC5CC66-8F0B-4CCF-B4C3-462F7103B832}
		{83F5F9FF-341B-4E9E-8733-152952CAFEF7} = {4F5E248D-0A3C-489E-A481-8E749D5F740E}
		{B0EEA28B-6CB1-45A0-9541-7DE16B81C71D} = {9DC5CC66-8F0B-4CCF-B4C3-462F7103B832}
		{48F77C1A-CDB2-47D6-8BDE-099D857DE77F} = {4F5E248D-0A3C-489E-A481-8E749D5F740E}
		{E63D4437-D470-49A3-926D-256CBA736508} = {2353F2D2-0EB2-499B-BCE0-65B7574B6B0D}
		{E1607A63-5A5A-4468-A178-7E69B63093AF} = {2353F2D2-0EB2-499B-BCE0-65B7574B6B0D}
		{4D2F3EDC-9CBB-4F8C-B9B8-A56DEF56408F} = {2353F2D2-0EB2-499B-BCE0-65B7574B6B0D}
		{1AAA7258-5783-4EDE-8E26-135855EC68EC} = {4F5E248D-0A3C-489E-A481-8E749D5F740E}
		{E2225D04-8C48-4295-8741-3019B668C06A} = {4F5E248D-0A3C-489E-A481-8E749D5F740E}
		{98B792E8-263F-4CB6-9F94-5BD3D567F83F} = {4F5E248D-0A3C-489E-A481-8E749D5F740E}
		{74B7032F-8880-4CE1-BEDB-9DD176B81FDF} = {9DC5CC66-8F0B-4CCF-B4C3-462F7103B832}
		{3ED07639-757D-4BC0-A07B-DEC8091730AF} = {2353F2D2-0EB2-499B-BCE0-65B7574B6B0D}
	EndGlobalSection
EndGlobal
