
Microsoft Visual Studio Solution File, Format Version 12.00
# Visual Studio 2013
VisualStudioVersion = 12.0.21005.1
MinimumVisualStudioVersion = 10.0.40219.1
Project("{2150E333-8FDC-42A3-9474-1A3956D46DE8}") = "Core", "Core", "{4F5E248D-0A3C-489E-A481-8E749D5F740E}"
EndProject
Project("{FAE04EC0-301F-11D3-BF4B-00C04F79EFBC}") = "Mantle", "Mantle\Mantle.csproj", "{CE605888-E0D5-4195-9115-45CC9A3B0548}"
EndProject
Project("{FAE04EC0-301F-11D3-BF4B-00C04F79EFBC}") = "Mantle.Ninject", "Mantle.Ninject\Mantle.Ninject.csproj", "{05556B9F-4A46-4CC8-9F36-30C17F22DF3A}"
EndProject
Project("{FAE04EC0-301F-11D3-BF4B-00C04F79EFBC}") = "Mantle.Configuration", "Mantle.Configuration\Mantle.Configuration.csproj", "{14843F74-B007-4357-9AEA-4703D772B6AE}"
EndProject
Global
	GlobalSection(SolutionConfigurationPlatforms) = preSolution
		Debug|Any CPU = Debug|Any CPU
		Release|Any CPU = Release|Any CPU
	EndGlobalSection
	GlobalSection(ProjectConfigurationPlatforms) = postSolution
		{CE605888-E0D5-4195-9115-45CC9A3B0548}.Debug|Any CPU.ActiveCfg = Debug|Any CPU
		{CE605888-E0D5-4195-9115-45CC9A3B0548}.Debug|Any CPU.Build.0 = Debug|Any CPU
		{CE605888-E0D5-4195-9115-45CC9A3B0548}.Release|Any CPU.ActiveCfg = Release|Any CPU
		{CE605888-E0D5-4195-9115-45CC9A3B0548}.Release|Any CPU.Build.0 = Release|Any CPU
		{05556B9F-4A46-4CC8-9F36-30C17F22DF3A}.Debug|Any CPU.ActiveCfg = Debug|Any CPU
		{05556B9F-4A46-4CC8-9F36-30C17F22DF3A}.Debug|Any CPU.Build.0 = Debug|Any CPU
		{05556B9F-4A46-4CC8-9F36-30C17F22DF3A}.Release|Any CPU.ActiveCfg = Release|Any CPU
		{05556B9F-4A46-4CC8-9F36-30C17F22DF3A}.Release|Any CPU.Build.0 = Release|Any CPU
		{14843F74-B007-4357-9AEA-4703D772B6AE}.Debug|Any CPU.ActiveCfg = Debug|Any CPU
		{14843F74-B007-4357-9AEA-4703D772B6AE}.Debug|Any CPU.Build.0 = Debug|Any CPU
		{14843F74-B007-4357-9AEA-4703D772B6AE}.Release|Any CPU.ActiveCfg = Release|Any CPU
		{14843F74-B007-4357-9AEA-4703D772B6AE}.Release|Any CPU.Build.0 = Release|Any CPU
	EndGlobalSection
	GlobalSection(SolutionProperties) = preSolution
		HideSolutionNode = FALSE
	EndGlobalSection
	GlobalSection(NestedProjects) = preSolution
		{CE605888-E0D5-4195-9115-45CC9A3B0548} = {4F5E248D-0A3C-489E-A481-8E749D5F740E}
		{05556B9F-4A46-4CC8-9F36-30C17F22DF3A} = {4F5E248D-0A3C-489E-A481-8E749D5F740E}
		{14843F74-B007-4357-9AEA-4703D772B6AE} = {4F5E248D-0A3C-489E-A481-8E749D5F740E}
	EndGlobalSection
EndGlobal
